
Microsoft Visual Studio Solution File, Format Version 12.00
# Visual Studio Version 16
VisualStudioVersion = 16.0.28803.156
MinimumVisualStudioVersion = 10.0.40219.1
Project("{FAE04EC0-301F-11D3-BF4B-00C04F79EFBC}") = "App2.UWP", "App2\App2.UWP\App2.UWP.csproj", "{76CFB049-3318-4860-ABE5-0D0A3D5E09C5}"
EndProject
Project("{FAE04EC0-301F-11D3-BF4B-00C04F79EFBC}") = "App2.Android", "App2\App2.Android\App2.Android.csproj", "{65064899-246C-4F36-AA64-05CE9877DFE7}"
EndProject
Project("{FAE04EC0-301F-11D3-BF4B-00C04F79EFBC}") = "App2.iOS", "App2\App2.iOS\App2.iOS.csproj", "{B3AFED3C-A458-45FA-B6B2-D12E751490C8}"
EndProject
Project("{FAE04EC0-301F-11D3-BF4B-00C04F79EFBC}") = "App2", "App2\App2\App2.csproj", "{95AAF45F-F843-46F2-AAE6-F4DD76469DEF}"
EndProject
Global
	GlobalSection(SolutionConfigurationPlatforms) = preSolution
		Debug|Any CPU = Debug|Any CPU
		Debug|ARM = Debug|ARM
		Debug|iPhone = Debug|iPhone
		Debug|iPhoneSimulator = Debug|iPhoneSimulator
		Debug|x64 = Debug|x64
		Debug|x86 = Debug|x86
		Release|Any CPU = Release|Any CPU
		Release|ARM = Release|ARM
		Release|iPhone = Release|iPhone
		Release|iPhoneSimulator = Release|iPhoneSimulator
		Release|x64 = Release|x64
		Release|x86 = Release|x86
	EndGlobalSection
	GlobalSection(ProjectConfigurationPlatforms) = postSolution
		{76CFB049-3318-4860-ABE5-0D0A3D5E09C5}.Debug|Any CPU.ActiveCfg = Debug|x86
		{76CFB049-3318-4860-ABE5-0D0A3D5E09C5}.Debug|Any CPU.Build.0 = Debug|x86
		{76CFB049-3318-4860-ABE5-0D0A3D5E09C5}.Debug|Any CPU.Deploy.0 = Debug|x86
		{76CFB049-3318-4860-ABE5-0D0A3D5E09C5}.Debug|ARM.ActiveCfg = Debug|ARM
		{76CFB049-3318-4860-ABE5-0D0A3D5E09C5}.Debug|ARM.Build.0 = Debug|ARM
		{76CFB049-3318-4860-ABE5-0D0A3D5E09C5}.Debug|ARM.Deploy.0 = Debug|ARM
		{76CFB049-3318-4860-ABE5-0D0A3D5E09C5}.Debug|iPhone.ActiveCfg = Debug|x86
		{76CFB049-3318-4860-ABE5-0D0A3D5E09C5}.Debug|iPhone.Build.0 = Debug|x86
		{76CFB049-3318-4860-ABE5-0D0A3D5E09C5}.Debug|iPhone.Deploy.0 = Debug|x86
		{76CFB049-3318-4860-ABE5-0D0A3D5E09C5}.Debug|iPhoneSimulator.ActiveCfg = Debug|x86
		{76CFB049-3318-4860-ABE5-0D0A3D5E09C5}.Debug|iPhoneSimulator.Build.0 = Debug|x86
		{76CFB049-3318-4860-ABE5-0D0A3D5E09C5}.Debug|iPhoneSimulator.Deploy.0 = Debug|x86
		{76CFB049-3318-4860-ABE5-0D0A3D5E09C5}.Debug|x64.ActiveCfg = Debug|x64
		{76CFB049-3318-4860-ABE5-0D0A3D5E09C5}.Debug|x64.Build.0 = Debug|x64
		{76CFB049-3318-4860-ABE5-0D0A3D5E09C5}.Debug|x64.Deploy.0 = Debug|x64
		{76CFB049-3318-4860-ABE5-0D0A3D5E09C5}.Debug|x86.ActiveCfg = Debug|x86
		{76CFB049-3318-4860-ABE5-0D0A3D5E09C5}.Debug|x86.Build.0 = Debug|x86
		{76CFB049-3318-4860-ABE5-0D0A3D5E09C5}.Debug|x86.Deploy.0 = Debug|x86
		{76CFB049-3318-4860-ABE5-0D0A3D5E09C5}.Release|Any CPU.ActiveCfg = Release|x86
		{76CFB049-3318-4860-ABE5-0D0A3D5E09C5}.Release|Any CPU.Build.0 = Release|x86
		{76CFB049-3318-4860-ABE5-0D0A3D5E09C5}.Release|Any CPU.Deploy.0 = Release|x86
		{76CFB049-3318-4860-ABE5-0D0A3D5E09C5}.Release|ARM.ActiveCfg = Release|ARM
		{76CFB049-3318-4860-ABE5-0D0A3D5E09C5}.Release|ARM.Build.0 = Release|ARM
		{76CFB049-3318-4860-ABE5-0D0A3D5E09C5}.Release|ARM.Deploy.0 = Release|ARM
		{76CFB049-3318-4860-ABE5-0D0A3D5E09C5}.Release|iPhone.ActiveCfg = Release|x86
		{76CFB049-3318-4860-ABE5-0D0A3D5E09C5}.Release|iPhone.Build.0 = Release|x86
		{76CFB049-3318-4860-ABE5-0D0A3D5E09C5}.Release|iPhone.Deploy.0 = Release|x86
		{76CFB049-3318-4860-ABE5-0D0A3D5E09C5}.Release|iPhoneSimulator.ActiveCfg = Release|x86
		{76CFB049-3318-4860-ABE5-0D0A3D5E09C5}.Release|iPhoneSimulator.Build.0 = Release|x86
		{76CFB049-3318-4860-ABE5-0D0A3D5E09C5}.Release|iPhoneSimulator.Deploy.0 = Release|x86
		{76CFB049-3318-4860-ABE5-0D0A3D5E09C5}.Release|x64.ActiveCfg = Release|x64
		{76CFB049-3318-4860-ABE5-0D0A3D5E09C5}.Release|x64.Build.0 = Release|x64
		{76CFB049-3318-4860-ABE5-0D0A3D5E09C5}.Release|x64.Deploy.0 = Release|x64
		{76CFB049-3318-4860-ABE5-0D0A3D5E09C5}.Release|x86.ActiveCfg = Release|x86
		{76CFB049-3318-4860-ABE5-0D0A3D5E09C5}.Release|x86.Build.0 = Release|x86
		{76CFB049-3318-4860-ABE5-0D0A3D5E09C5}.Release|x86.Deploy.0 = Release|x86
		{65064899-246C-4F36-AA64-05CE9877DFE7}.Debug|Any CPU.ActiveCfg = Debug|Any CPU
		{65064899-246C-4F36-AA64-05CE9877DFE7}.Debug|Any CPU.Build.0 = Debug|Any CPU
		{65064899-246C-4F36-AA64-05CE9877DFE7}.Debug|Any CPU.Deploy.0 = Debug|Any CPU
		{65064899-246C-4F36-AA64-05CE9877DFE7}.Debug|ARM.ActiveCfg = Debug|Any CPU
		{65064899-246C-4F36-AA64-05CE9877DFE7}.Debug|ARM.Build.0 = Debug|Any CPU
		{65064899-246C-4F36-AA64-05CE9877DFE7}.Debug|ARM.Deploy.0 = Debug|Any CPU
		{65064899-246C-4F36-AA64-05CE9877DFE7}.Debug|iPhone.ActiveCfg = Debug|Any CPU
		{65064899-246C-4F36-AA64-05CE9877DFE7}.Debug|iPhone.Build.0 = Debug|Any CPU
		{65064899-246C-4F36-AA64-05CE9877DFE7}.Debug|iPhone.Deploy.0 = Debug|Any CPU
		{65064899-246C-4F36-AA64-05CE9877DFE7}.Debug|iPhoneSimulator.ActiveCfg = Debug|Any CPU
		{65064899-246C-4F36-AA64-05CE9877DFE7}.Debug|iPhoneSimulator.Build.0 = Debug|Any CPU
		{65064899-246C-4F36-AA64-05CE9877DFE7}.Debug|iPhoneSimulator.Deploy.0 = Debug|Any CPU
		{65064899-246C-4F36-AA64-05CE9877DFE7}.Debug|x64.ActiveCfg = Debug|Any CPU
		{65064899-246C-4F36-AA64-05CE9877DFE7}.Debug|x64.Build.0 = Debug|Any CPU
		{65064899-246C-4F36-AA64-05CE9877DFE7}.Debug|x64.Deploy.0 = Debug|Any CPU
		{65064899-246C-4F36-AA64-05CE9877DFE7}.Debug|x86.ActiveCfg = Debug|Any CPU
		{65064899-246C-4F36-AA64-05CE9877DFE7}.Debug|x86.Build.0 = Debug|Any CPU
		{65064899-246C-4F36-AA64-05CE9877DFE7}.Debug|x86.Deploy.0 = Debug|Any CPU
		{65064899-246C-4F36-AA64-05CE9877DFE7}.Release|Any CPU.ActiveCfg = Release|Any CPU
		{65064899-246C-4F36-AA64-05CE9877DFE7}.Release|Any CPU.Build.0 = Release|Any CPU
		{65064899-246C-4F36-AA64-05CE9877DFE7}.Release|Any CPU.Deploy.0 = Release|Any CPU
		{65064899-246C-4F36-AA64-05CE9877DFE7}.Release|ARM.ActiveCfg = Release|Any CPU
		{65064899-246C-4F36-AA64-05CE9877DFE7}.Release|ARM.Build.0 = Release|Any CPU
		{65064899-246C-4F36-AA64-05CE9877DFE7}.Release|ARM.Deploy.0 = Release|Any CPU
		{65064899-246C-4F36-AA64-05CE9877DFE7}.Release|iPhone.ActiveCfg = Release|Any CPU
		{65064899-246C-4F36-AA64-05CE9877DFE7}.Release|iPhone.Build.0 = Release|Any CPU
		{65064899-246C-4F36-AA64-05CE9877DFE7}.Release|iPhone.Deploy.0 = Release|Any CPU
		{65064899-246C-4F36-AA64-05CE9877DFE7}.Release|iPhoneSimulator.ActiveCfg = Release|Any CPU
		{65064899-246C-4F36-AA64-05CE9877DFE7}.Release|iPhoneSimulator.Build.0 = Release|Any CPU
		{65064899-246C-4F36-AA64-05CE9877DFE7}.Release|iPhoneSimulator.Deploy.0 = Release|Any CPU
		{65064899-246C-4F36-AA64-05CE9877DFE7}.Release|x64.ActiveCfg = Release|Any CPU
		{65064899-246C-4F36-AA64-05CE9877DFE7}.Release|x64.Build.0 = Release|Any CPU
		{65064899-246C-4F36-AA64-05CE9877DFE7}.Release|x64.Deploy.0 = Release|Any CPU
		{65064899-246C-4F36-AA64-05CE9877DFE7}.Release|x86.ActiveCfg = Release|Any CPU
		{65064899-246C-4F36-AA64-05CE9877DFE7}.Release|x86.Build.0 = Release|Any CPU
		{65064899-246C-4F36-AA64-05CE9877DFE7}.Release|x86.Deploy.0 = Release|Any CPU
		{B3AFED3C-A458-45FA-B6B2-D12E751490C8}.Debug|Any CPU.ActiveCfg = Debug|iPhone
		{B3AFED3C-A458-45FA-B6B2-D12E751490C8}.Debug|Any CPU.Build.0 = Debug|iPhone
		{B3AFED3C-A458-45FA-B6B2-D12E751490C8}.Debug|Any CPU.Deploy.0 = Debug|iPhone
		{B3AFED3C-A458-45FA-B6B2-D12E751490C8}.Debug|ARM.ActiveCfg = Debug|iPhoneSimulator
		{B3AFED3C-A458-45FA-B6B2-D12E751490C8}.Debug|ARM.Build.0 = Debug|iPhoneSimulator
		{B3AFED3C-A458-45FA-B6B2-D12E751490C8}.Debug|ARM.Deploy.0 = Debug|iPhoneSimulator
		{B3AFED3C-A458-45FA-B6B2-D12E751490C8}.Debug|iPhone.ActiveCfg = Debug|iPhone
		{B3AFED3C-A458-45FA-B6B2-D12E751490C8}.Debug|iPhone.Build.0 = Debug|iPhone
		{B3AFED3C-A458-45FA-B6B2-D12E751490C8}.Debug|iPhone.Deploy.0 = Debug|iPhone
		{B3AFED3C-A458-45FA-B6B2-D12E751490C8}.Debug|iPhoneSimulator.ActiveCfg = Debug|iPhoneSimulator
		{B3AFED3C-A458-45FA-B6B2-D12E751490C8}.Debug|iPhoneSimulator.Build.0 = Debug|iPhoneSimulator
		{B3AFED3C-A458-45FA-B6B2-D12E751490C8}.Debug|iPhoneSimulator.Deploy.0 = Debug|iPhoneSimulator
		{B3AFED3C-A458-45FA-B6B2-D12E751490C8}.Debug|x64.ActiveCfg = Debug|iPhone
		{B3AFED3C-A458-45FA-B6B2-D12E751490C8}.Debug|x64.Build.0 = Debug|iPhone
		{B3AFED3C-A458-45FA-B6B2-D12E751490C8}.Debug|x64.Deploy.0 = Debug|iPhone
		{B3AFED3C-A458-45FA-B6B2-D12E751490C8}.Debug|x86.ActiveCfg = Debug|iPhone
		{B3AFED3C-A458-45FA-B6B2-D12E751490C8}.Debug|x86.Build.0 = Debug|iPhone
		{B3AFED3C-A458-45FA-B6B2-D12E751490C8}.Debug|x86.Deploy.0 = Debug|iPhone
		{B3AFED3C-A458-45FA-B6B2-D12E751490C8}.Release|Any CPU.ActiveCfg = Release|iPhone
		{B3AFED3C-A458-45FA-B6B2-D12E751490C8}.Release|Any CPU.Build.0 = Release|iPhone
		{B3AFED3C-A458-45FA-B6B2-D12E751490C8}.Release|Any CPU.Deploy.0 = Release|iPhone
		{B3AFED3C-A458-45FA-B6B2-D12E751490C8}.Release|ARM.ActiveCfg = Release|iPhone
		{B3AFED3C-A458-45FA-B6B2-D12E751490C8}.Release|ARM.Build.0 = Release|iPhone
		{B3AFED3C-A458-45FA-B6B2-D12E751490C8}.Release|ARM.Deploy.0 = Release|iPhone
		{B3AFED3C-A458-45FA-B6B2-D12E751490C8}.Release|iPhone.ActiveCfg = Release|iPhone
		{B3AFED3C-A458-45FA-B6B2-D12E751490C8}.Release|iPhone.Build.0 = Release|iPhone
		{B3AFED3C-A458-45FA-B6B2-D12E751490C8}.Release|iPhone.Deploy.0 = Release|iPhone
		{B3AFED3C-A458-45FA-B6B2-D12E751490C8}.Release|iPhoneSimulator.ActiveCfg = Release|iPhoneSimulator
		{B3AFED3C-A458-45FA-B6B2-D12E751490C8}.Release|iPhoneSimulator.Build.0 = Release|iPhoneSimulator
		{B3AFED3C-A458-45FA-B6B2-D12E751490C8}.Release|iPhoneSimulator.Deploy.0 = Release|iPhoneSimulator
		{B3AFED3C-A458-45FA-B6B2-D12E751490C8}.Release|x64.ActiveCfg = Release|iPhone
		{B3AFED3C-A458-45FA-B6B2-D12E751490C8}.Release|x64.Build.0 = Release|iPhone
		{B3AFED3C-A458-45FA-B6B2-D12E751490C8}.Release|x64.Deploy.0 = Release|iPhone
		{B3AFED3C-A458-45FA-B6B2-D12E751490C8}.Release|x86.ActiveCfg = Release|iPhone
		{B3AFED3C-A458-45FA-B6B2-D12E751490C8}.Release|x86.Build.0 = Release|iPhone
		{B3AFED3C-A458-45FA-B6B2-D12E751490C8}.Release|x86.Deploy.0 = Release|iPhone
		{95AAF45F-F843-46F2-AAE6-F4DD76469DEF}.Debug|Any CPU.ActiveCfg = Debug|Any CPU
		{95AAF45F-F843-46F2-AAE6-F4DD76469DEF}.Debug|Any CPU.Build.0 = Debug|Any CPU
		{95AAF45F-F843-46F2-AAE6-F4DD76469DEF}.Debug|Any CPU.Deploy.0 = Debug|Any CPU
		{95AAF45F-F843-46F2-AAE6-F4DD76469DEF}.Debug|ARM.ActiveCfg = Debug|Any CPU
		{95AAF45F-F843-46F2-AAE6-F4DD76469DEF}.Debug|ARM.Build.0 = Debug|Any CPU
		{95AAF45F-F843-46F2-AAE6-F4DD76469DEF}.Debug|ARM.Deploy.0 = Debug|Any CPU
		{95AAF45F-F843-46F2-AAE6-F4DD76469DEF}.Debug|iPhone.ActiveCfg = Debug|Any CPU
		{95AAF45F-F843-46F2-AAE6-F4DD76469DEF}.Debug|iPhone.Build.0 = Debug|Any CPU
		{95AAF45F-F843-46F2-AAE6-F4DD76469DEF}.Debug|iPhone.Deploy.0 = Debug|Any CPU
		{95AAF45F-F843-46F2-AAE6-F4DD76469DEF}.Debug|iPhoneSimulator.ActiveCfg = Debug|Any CPU
		{95AAF45F-F843-46F2-AAE6-F4DD76469DEF}.Debug|iPhoneSimulator.Build.0 = Debug|Any CPU
		{95AAF45F-F843-46F2-AAE6-F4DD76469DEF}.Debug|iPhoneSimulator.Deploy.0 = Debug|Any CPU
		{95AAF45F-F843-46F2-AAE6-F4DD76469DEF}.Debug|x64.ActiveCfg = Debug|Any CPU
		{95AAF45F-F843-46F2-AAE6-F4DD76469DEF}.Debug|x64.Build.0 = Debug|Any CPU
		{95AAF45F-F843-46F2-AAE6-F4DD76469DEF}.Debug|x64.Deploy.0 = Debug|Any CPU
		{95AAF45F-F843-46F2-AAE6-F4DD76469DEF}.Debug|x86.ActiveCfg = Debug|Any CPU
		{95AAF45F-F843-46F2-AAE6-F4DD76469DEF}.Debug|x86.Build.0 = Debug|Any CPU
		{95AAF45F-F843-46F2-AAE6-F4DD76469DEF}.Debug|x86.Deploy.0 = Debug|Any CPU
		{95AAF45F-F843-46F2-AAE6-F4DD76469DEF}.Release|Any CPU.ActiveCfg = Release|Any CPU
		{95AAF45F-F843-46F2-AAE6-F4DD76469DEF}.Release|Any CPU.Build.0 = Release|Any CPU
		{95AAF45F-F843-46F2-AAE6-F4DD76469DEF}.Release|Any CPU.Deploy.0 = Release|Any CPU
		{95AAF45F-F843-46F2-AAE6-F4DD76469DEF}.Release|ARM.ActiveCfg = Release|Any CPU
		{95AAF45F-F843-46F2-AAE6-F4DD76469DEF}.Release|ARM.Build.0 = Release|Any CPU
		{95AAF45F-F843-46F2-AAE6-F4DD76469DEF}.Release|ARM.Deploy.0 = Release|Any CPU
		{95AAF45F-F843-46F2-AAE6-F4DD76469DEF}.Release|iPhone.ActiveCfg = Release|Any CPU
		{95AAF45F-F843-46F2-AAE6-F4DD76469DEF}.Release|iPhone.Build.0 = Release|Any CPU
		{95AAF45F-F843-46F2-AAE6-F4DD76469DEF}.Release|iPhone.Deploy.0 = Release|Any CPU
		{95AAF45F-F843-46F2-AAE6-F4DD76469DEF}.Release|iPhoneSimulator.ActiveCfg = Release|Any CPU
		{95AAF45F-F843-46F2-AAE6-F4DD76469DEF}.Release|iPhoneSimulator.Build.0 = Release|Any CPU
		{95AAF45F-F843-46F2-AAE6-F4DD76469DEF}.Release|iPhoneSimulator.Deploy.0 = Release|Any CPU
		{95AAF45F-F843-46F2-AAE6-F4DD76469DEF}.Release|x64.ActiveCfg = Release|Any CPU
		{95AAF45F-F843-46F2-AAE6-F4DD76469DEF}.Release|x64.Build.0 = Release|Any CPU
		{95AAF45F-F843-46F2-AAE6-F4DD76469DEF}.Release|x64.Deploy.0 = Release|Any CPU
		{95AAF45F-F843-46F2-AAE6-F4DD76469DEF}.Release|x86.ActiveCfg = Release|Any CPU
		{95AAF45F-F843-46F2-AAE6-F4DD76469DEF}.Release|x86.Build.0 = Release|Any CPU
		{95AAF45F-F843-46F2-AAE6-F4DD76469DEF}.Release|x86.Deploy.0 = Release|Any CPU
	EndGlobalSection
	GlobalSection(SolutionProperties) = preSolution
		HideSolutionNode = FALSE
	EndGlobalSection
	GlobalSection(ExtensibilityGlobals) = postSolution
		SolutionGuid = {CDB1A7BA-4186-44E3-A9DD-56B50A46FE8A}
	EndGlobalSection
EndGlobal
